<Solution>
  <Project Path="Assignment_3.2.1/Assignment_3.2.1.csproj" />
  <Project Path="Assignment_3.2.2/Assignment_3.2.2.csproj" />
  <Project Path="Assignment_3.2.3/Assignment_3.2.3.csproj" />
  <Project Path="Assignment_3.2.4/Assignment_3.2.4.csproj" />
  <Project Path="Assignment_3.2.5/Assignment_3.2.5.csproj" />
</Solution>
